github.com/BurntSushi/toml v0.3.1 h1:WXkYYl6Yr3qBf1K79EBnL4mak0OimBfB0XUf9Vl28OQ=
github.com/BurntSushi/toml v0.3.1/go.mod h1:xHWCNGjB5oqiDr8zfno3MHue2Ht5sIBksp03qcyfWMU=
github.com/davecgh/go-spew v1.1.0 h1:ZDRjVQ15GmhC3fiQ8ni8+OwkZQO4DARzQgrnXU1Liz8=
github.com/davecgh/go-spew v1.1.0/go.mod h1:J7Y8YcW2NihsgmVo/mv3lAwl/skON4iLHjSsI+c5H38=
github.com/fsnotify/fsnotify v1.4.7 h1:IXs+QLmnXW2CcXuY+8Mzv/fWEsPGWxqefPtCP5CnV9I=
github.com/fsnotify/fsnotify v1.4.7/go.mod h1:jwhsz4b93w/PPRr/qN1Yymfu8t87LnFCMoQvtojpjFo=
github.com/golang/protobuf v1.3.0 h1:kbxbvI4Un1LUWKxufD+BiE6AEExYYgkQLQmLFqA1LFk=
github.com/golang/protobuf v1.3.0/go.mod h1:Qd/q+1AKNOZr9uGQzbzCmRO6sUih6GTPZv6a1/R87v0=
github.com/hashicorp/hcl v0.0.0-20180404174102-ef8a98b0bbce h1:xdsDDbiBDQTKASoGEZ+pEmF1OnWuu8AQ9I8iNbHNeno=
github.com/hashicorp/hcl v0.0.0-20180404174102-ef8a98b0bbce/go.mod h1:oZtUIOe8dh44I2q6ScRibXws4Ajl+d+nod3AaR9vL5w=
github.com/hpcloud/tail v1.0.0 h1:nfCOvKYfkgYP8hkirhJocXT2+zOD8yUNjXaWfTlyFKI=
github.com/hpcloud/tail v1.0.0/go.mod h1:ab1qPbhIpdTxEkNHXyeSf5vhxWSCs/tWer42PpOxQnU=
github.com/inconshreveable/mousetrap v1.0.0 h1:Z8tu5sraLXCXIcARxBp/8cbvlwVa7Z1NHg9XEKhtSvM=
github.com/inconshreveable/mousetrap v1.0.0/go.mod h1:PxqpIevigyE2G7u3NXJIT2ANytuPF1OarO4DADm73n8=
github.com/magiconair/properties v1.8.0 h1:LLgXmsheXeRoUOBOjtwPQCWIYqM/LU1ayDtDePerRcY=
github.com/magiconair/properties v1.8.0/go.mod h1:PppfXfuXeibc/6YijjN8zIbojt8czPbwD3XqdrwzmxQ=
github.com/mitchellh/go-homedir v0.0.0-20180523094522-3864e76763d9 h1:Y94YB7jrsihrbGSqRNMwRWJ2/dCxr0hdC2oPRohkx0A=
github.com/mitchellh/go-homedir v0.0.0-20180523094522-3864e76763d9/go.mod h1:SfyaCUpYCn1Vlf4IUYiD9fPX4A5wJrkLzIz1N1q0pr0=
github.com/mitchellh/mapstructure v0.0.0-20180511142126-bb74f1db0675 h1:/rdJjIiKG5rRdwG5yxHmSE/7ZREjpyC0kL7GxGT/qJw=
github.com/mitchellh/mapstructure v0.0.0-20180511142126-bb74f1db0675/go.mod h1:FVVH3fgwuzCH5S8UJGiWEs2h04kUh9fWfEaFds41c1Y=
github.com/onsi/ginkgo v1.7.0 h1:WSHQ+IS43OoUrWtD1/bbclrwK8TTH5hzp+umCiuxHgs=
github.com/onsi/ginkgo v1.7.0/go.mod h1:lLunBs/Ym6LB5Z9jYTR76FiuTmxDTDusOGeTQH+WWjE=
github.com/onsi/gomega v1.4.1 h1:PZSj/UFNaVp3KxrzHOcS7oyuWA7LoOY/77yCTEFu21U=
github.com/onsi/gomega v1.4.1/go.mod h1:C1qb7wdrVGGVU+Z6iS04AVkA3Q65CEZX59MT0QO5uiA=
github.com/pelletier/go-toml v1.2.0 h1:T5zMGML61Wp+FlcbWjRDT7yAxhJNAiPPLOFECq181zc=
github.com/pelletier/go-toml v1.2.0/go.mod h1:5z9KED0ma1S8pY6P1sdut58dfprrGBbd/94hg7ilaic=
github.com/petergtz/pegomock v0.0.0-20180725144810-278dd9bee025 h1:HdQ49I8p0I6RB+sX7ZMJN9Fu03UZETdwTmVoWOqrGk4=
github.com/petergtz/pegomock v0.0.0-20180725144810-278dd9bee025/go.mod h1:nuBLWZpVyv/fLo56qTwt/AUau7jgouO1h7bEvZCq82o=
github.com/pmezard/go-difflib v1.0.0 h1:4DBwDE0NGyQoBHbLQYPwSUPoCMWR5BEzIk/f1lZbAQM=
github.com/pmezard/go-difflib v1.0.0/go.mod h1:iKH77koFhYxTK1pcRnkKkqfTogsbg7gZNVY4sRDYZ/4=
github.com/shurcooL/sanitized_anchor_name v0.0.0-20170918181015-86672fcb3f95 h1:/vdW8Cb7EXrkqWGufVMES1OH2sU9gKVb2n9/1y5NMBY=
github.com/shurcooL/sanitized_anchor_name v0.0.0-20170918181015-86672fcb3f95/go.mod h1:1NzhyTcUVG4SuEtjjoZeVRXNmyL/1OwPU0+IJeTBvfc=
github.com/spf13/afero v1.1.1 h1:Lt3ihYMlE+lreX1GS4Qw4ZsNpYQLxIXKBTEOXm3nt6I=
github.com/spf13/afero v1.1.1/go.mod h1:j4pytiNVoe2o6bmDsKpLACNPDBIoEAkihy7loJ1B0CQ=
github.com/spf13/cast v1.2.0 h1:HHl1DSRbEQN2i8tJmtS6ViPyHx35+p51amrdsiTCrkg=
github.com/spf13/cast v1.2.0/go.mod h1:r2rcYCSwa1IExKTDiTfzaxqT2FNHs8hODu4LnUfgKEg=
github.com/spf13/cobra v0.0.3 h1:ZlrZ4XsMRm04Fr5pSFxBgfND2EBVa1nLpiy1stUsX/8=
github.com/spf13/cobra v0.0.3/go.mod h1:1l0Ry5zgKvJasoi3XT1TypsSe7PqH0Sj9dhYf7v3XqQ=
github.com/spf13/jwalterweatherman v0.0.0-20180109140146-7c0cea34c8ec h1:2ZXvIUGghLpdTVHR1UfvfrzoVlZaE/yOWC5LueIHZig=
github.com/spf13/jwalterweatherman v0.0.0-20180109140146-7c0cea34c8ec/go.mod h1:cQK4TGJAtQXfYWX+Ddv3mKDzgVb68N+wFjFa4jdeBTo=
github.com/spf13/pflag v1.0.1 h1:aCvUg6QPl3ibpQUxyLkrEkCHtPqYJL4x9AuhqVqFis4=
github.com/spf13/pflag v1.0.1/go.mod h1:DYY7MBk1bdzusC3SYhjObp+wFpr4gzcvqqNjLnInEg4=
github.com/spf13/viper v1.0.2 h1:Ncr3ZIuJn322w2k1qmzXDnkLAdQMlJqBa9kfAH+irso=
github.com/spf13/viper v1.0.2/go.mod h1:A8kyI5cUJhb8N+3pkfONlcEcZbueH6nhAm0Fq7SrnBM=
github.com/stretchr/testify v1.2.2 h1:bSDNvY7ZPG5RlJ8otE/7V6gMiyenm9RtJ7IUVIAoJ1w=
github.com/stretchr/testify v1.2.2/go.mod h1:a8OnRcib4nhh0OaRAV+Yts87kKdq0PP7pXfy6kDkUVs=
golang.org/x/net v0.0.0-20180906233101-161cd47e91fd/go.mod h1:mL1N/T3taQHkDXs73rZJwtUhF3w3ftmwwsq0BUmARs4=
golang.org/x/net v0.0.0-20190301231341-16b79f2e4e95 h1:fY7Dsw114eJN4boqzVSbpVHO6rTdhq6/GnXeu+PKnzU=
golang.org/x/net v0.0.0-20190301231341-16b79f2e4e95/go.mod h1:mL1N/T3taQHkDXs73rZJwtUhF3w3ftmwwsq0BUmARs4=
golang.org/x/sync v0.0.0-20180314180146-1d60e4601c6f h1:wMNYb4v58l5UBM7MYRLPG6ZhfOqbKu7X5eyFl8ZhKvA=
golang.org/x/sync v0.0.0-20180314180146-1d60e4601c6f/go.mod h1:RxMgew5VJxzue5/jJTE5uejpjVlOe/izrB70Jof72aM=
golang.org/x/sys v0.0.0-20180627142611-7138fd3d9dc8 h1:RI4LLZfYDSosZMJ7FzhhEQbwo7tA8Bp9Vhml1PukQsg=
golang.org/x/sys v0.0.0-20180627142611-7138fd3d9dc8/go.mod h1:STP8DvDyc/dI5b8T5hshtkjS+E42TnysNCUPdjciGhY=
golang.org/x/text v0.3.0 h1:g61tztE5qeGQ89tm6NTjjM9VPIm088od1l6aSorWRWg=
golang.org/x/text v0.3.0/go.mod h1:NqM8EUOU14njkJ3fqMW+pc6Ldnwhi/IjpwHt7yyuwOQ=
google.golang.org/genproto v0.0.0-20180831171423-11092d34479b/go.mod h1:JiN7NxoALGmiZfu7CAH4rXhgtRTLTxftemlI0sWmxmc=
gopkg.in/check.v1 v0.0.0-20161208181325-20d25e280405 h1:yhCVgyC4o1eVCa2tZl7eS0r+SDo693bJlVdllGtEeKM=
gopkg.in/check.v1 v0.0.0-20161208181325-20d25e280405/go.mod h1:Co6ibVJAznAaIkqp8huTwlJQCZ016jof/cbN4VW5Yz0=
gopkg.in/fsnotify.v1 v1.4.7 h1:xOHLXZwVvI9hhs+cLKq5+I5onOuwQLhQwiu63xxlHs4=
gopkg.in/fsnotify.v1 v1.4.7/go.mod h1:Tz8NjZHkW78fSQdbUxIjBTcgA1z1m8ZHf0WmKUhAMys=
gopkg.in/russross/blackfriday.v2 v2.0.0 h1:+FlnIV8DSQnT7NZ43hcVKcdJdzZoeCmJj4Ql8gq5keA=
gopkg.in/russross/blackfriday.v2 v2.0.0/go.mod h1:6sSBNz/GtOm/pJTuh5UmBK2ZHfmnxGbl2NZg1UliSOI=
gopkg.in/tomb.v1 v1.0.0-20141024135613-dd632973f1e7 h1:uRGJdciOHaEIrze2W8Q3AKkepLTh2hOroT7a+7czfdQ=
gopkg.in/tomb.v1 v1.0.0-20141024135613-dd632973f1e7/go.mod h1:dt/ZhP58zS4L8KSrWDmTeBkI65Dw0HsyUHuEVlX15mw=
gopkg.in/yaml.v2 v2.2.1 h1:mUhvW9EsL+naU5Q3cakzfE91YhliOondGd6ZrsDBHQE=
gopkg.in/yaml.v2 v2.2.1/go.mod h1:hI93XBmqTisBFMUTm0b8Fm+jr3Dg1NNxqwp+5A1VGuI=
